
Microsoft Visual Studio Solution File, Format Version 12.00
# Visual Studio Version 16
VisualStudioVersion = 16.0.34601.136
MinimumVisualStudioVersion = 10.0.40219.1
Project("{FAE04EC0-301F-11D3-BF4B-00C04F79EFBC}") = "test-framework", "test-framework\test-framework.csproj", "{8D963C60-2559-4FC6-B083-DBE1B41EC5FE}"
EndProject
Global
	GlobalSection(SolutionConfigurationPlatforms) = preSolution
		Debug|Any CPU = Debug|Any CPU
		Release|Any CPU = Release|Any CPU
	EndGlobalSection
	GlobalSection(ProjectConfigurationPlatforms) = postSolution
		{8D963C60-2559-4FC6-B083-DBE1B41EC5FE}.Debug|Any CPU.ActiveCfg = Debug|Any CPU
		{8D963C60-2559-4FC6-B083-DBE1B41EC5FE}.Debug|Any CPU.Build.0 = Debug|Any CPU
		{8D963C60-2559-4FC6-B083-DBE1B41EC5FE}.Release|Any CPU.ActiveCfg = Release|Any CPU
		{8D963C60-2559-4FC6-B083-DBE1B41EC5FE}.Release|Any CPU.Build.0 = Release|Any CPU
	EndGlobalSection
	GlobalSection(SolutionProperties) = preSolution
		HideSolutionNode = FALSE
	EndGlobalSection
	GlobalSection(ExtensibilityGlobals) = postSolution
		SolutionGuid = {A3C44CF5-977D-4277-9FCA-F738E869B1EF}
	EndGlobalSection
EndGlobal
